
Microsoft Visual Studio Solution File, Format Version 12.00
# Visual Studio 15
VisualStudioVersion = 15.0.27703.2035
MinimumVisualStudioVersion = 10.0.40219.1
Project("{FAE04EC0-301F-11D3-BF4B-00C04F79EFBC}") = "MemoriaParticionadaDinamica", "MemoriaParticionadaDinamica\MemoriaParticionadaDinamica.csproj", "{C05EA72F-761A-4D88-A03D-C0235CB7DC0C}"
EndProject
Global
	GlobalSection(SolutionConfigurationPlatforms) = preSolution
		Debug|Any CPU = Debug|Any CPU
		Release|Any CPU = Release|Any CPU
	EndGlobalSection
	GlobalSection(ProjectConfigurationPlatforms) = postSolution
		{C05EA72F-761A-4D88-A03D-C0235CB7DC0C}.Debug|Any CPU.ActiveCfg = Debug|Any CPU
		{C05EA72F-761A-4D88-A03D-C0235CB7DC0C}.Debug|Any CPU.Build.0 = Debug|Any CPU
		{C05EA72F-761A-4D88-A03D-C0235CB7DC0C}.Release|Any CPU.ActiveCfg = Release|Any CPU
		{C05EA72F-761A-4D88-A03D-C0235CB7DC0C}.Release|Any CPU.Build.0 = Release|Any CPU
	EndGlobalSection
	GlobalSection(SolutionProperties) = preSolution
		HideSolutionNode = FALSE
	EndGlobalSection
	GlobalSection(ExtensibilityGlobals) = postSolution
		SolutionGuid = {60020BFB-3637-4E5A-BEBF-97AF945D99E3}
	EndGlobalSection
EndGlobal
